
Microsoft Visual Studio Solution File, Format Version 12.00
# Visual Studio 15
VisualStudioVersion = 15.0.28010.2046
MinimumVisualStudioVersion = 10.0.40219.1
Project("{FAE04EC0-301F-11D3-BF4B-00C04F79EFBC}") = "LinhDog", "LinhDog\LinhDog.csproj", "{9FC9BAC2-A2F3-41BC-BC92-7D4398BFF8B6}"
EndProject
Global
	GlobalSection(SolutionConfigurationPlatforms) = preSolution
		Debug|Any CPU = Debug|Any CPU
		Release|Any CPU = Release|Any CPU
	EndGlobalSection
	GlobalSection(ProjectConfigurationPlatforms) = postSolution
		{9FC9BAC2-A2F3-41BC-BC92-7D4398BFF8B6}.Debug|Any CPU.ActiveCfg = Debug|Any CPU
		{9FC9BAC2-A2F3-41BC-BC92-7D4398BFF8B6}.Debug|Any CPU.Build.0 = Debug|Any CPU
		{9FC9BAC2-A2F3-41BC-BC92-7D4398BFF8B6}.Release|Any CPU.ActiveCfg = Release|Any CPU
		{9FC9BAC2-A2F3-41BC-BC92-7D4398BFF8B6}.Release|Any CPU.Build.0 = Release|Any CPU
	EndGlobalSection
	GlobalSection(SolutionProperties) = preSolution
		HideSolutionNode = FALSE
	EndGlobalSection
	GlobalSection(ExtensibilityGlobals) = postSolution
		SolutionGuid = {77C641F6-07FA-4B04-AE08-FE448440817C}
	EndGlobalSection
EndGlobal
